
Microsoft Visual Studio Solution File, Format Version 12.00
# Visual Studio 2012
Project("{8BC9CEB8-8B4A-11D0-8D11-00A0C91BC942}") = "FLIGHT SCHEDULE", "FLIGHT SCHEDULE\FLIGHT SCHEDULE.vcxproj", "{03477D0E-9B30-4442-8B84-86F2FBE2CEFA}"
EndProject
Global
	GlobalSection(SolutionConfigurationPlatforms) = preSolution
		Debug|Win32 = Debug|Win32
		Release|Win32 = Release|Win32
	EndGlobalSection
	GlobalSection(ProjectConfigurationPlatforms) = postSolution
		{03477D0E-9B30-4442-8B84-86F2FBE2CEFA}.Debug|Win32.ActiveCfg = Debug|Win32
		{03477D0E-9B30-4442-8B84-86F2FBE2CEFA}.Debug|Win32.Build.0 = Debug|Win32
		{03477D0E-9B30-4442-8B84-86F2FBE2CEFA}.Release|Win32.ActiveCfg = Release|Win32
		{03477D0E-9B30-4442-8B84-86F2FBE2CEFA}.Release|Win32.Build.0 = Release|Win32
	EndGlobalSection
	GlobalSection(SolutionProperties) = preSolution
		HideSolutionNode = FALSE
	EndGlobalSection
EndGlobal
