
Microsoft Visual Studio Solution File, Format Version 12.00
# Visual Studio 2012
Project("{8BC9CEB8-8B4A-11D0-8D11-00A0C91BC942}") = "3 COLOR SORTING USING COUNT", "3 COLOR SORTING USING COUNT\3 COLOR SORTING USING COUNT.vcxproj", "{AC3CA1ED-8418-40E9-91EB-55F60BD9D38B}"
EndProject
Global
	GlobalSection(SolutionConfigurationPlatforms) = preSolution
		Debug|Win32 = Debug|Win32
		Release|Win32 = Release|Win32
	EndGlobalSection
	GlobalSection(ProjectConfigurationPlatforms) = postSolution
		{AC3CA1ED-8418-40E9-91EB-55F60BD9D38B}.Debug|Win32.ActiveCfg = Debug|Win32
		{AC3CA1ED-8418-40E9-91EB-55F60BD9D38B}.Debug|Win32.Build.0 = Debug|Win32
		{AC3CA1ED-8418-40E9-91EB-55F60BD9D38B}.Release|Win32.ActiveCfg = Release|Win32
		{AC3CA1ED-8418-40E9-91EB-55F60BD9D38B}.Release|Win32.Build.0 = Release|Win32
	EndGlobalSection
	GlobalSection(SolutionProperties) = preSolution
		HideSolutionNode = FALSE
	EndGlobalSection
EndGlobal
