
Microsoft Visual Studio Solution File, Format Version 12.00
# Visual Studio 2012
Project("{8BC9CEB8-8B4A-11D0-8D11-00A0C91BC942}") = "S4Q10", "S4Q10\S4Q10.vcxproj", "{794C88A4-13A5-4A97-9A22-BFABA4FCC545}"
EndProject
Global
	GlobalSection(SolutionConfigurationPlatforms) = preSolution
		Debug|Win32 = Debug|Win32
		Release|Win32 = Release|Win32
	EndGlobalSection
	GlobalSection(ProjectConfigurationPlatforms) = postSolution
		{794C88A4-13A5-4A97-9A22-BFABA4FCC545}.Debug|Win32.ActiveCfg = Debug|Win32
		{794C88A4-13A5-4A97-9A22-BFABA4FCC545}.Debug|Win32.Build.0 = Debug|Win32
		{794C88A4-13A5-4A97-9A22-BFABA4FCC545}.Release|Win32.ActiveCfg = Release|Win32
		{794C88A4-13A5-4A97-9A22-BFABA4FCC545}.Release|Win32.Build.0 = Release|Win32
	EndGlobalSection
	GlobalSection(SolutionProperties) = preSolution
		HideSolutionNode = FALSE
	EndGlobalSection
EndGlobal
