
Microsoft Visual Studio Solution File, Format Version 12.00
# Visual Studio 2012
Project("{8BC9CEB8-8B4A-11D0-8D11-00A0C91BC942}") = "S1Q5", "S1Q5\S1Q5.vcxproj", "{B4C95695-5C00-444C-AE5C-364188723765}"
EndProject
Global
	GlobalSection(SolutionConfigurationPlatforms) = preSolution
		Debug|Win32 = Debug|Win32
		Release|Win32 = Release|Win32
	EndGlobalSection
	GlobalSection(ProjectConfigurationPlatforms) = postSolution
		{B4C95695-5C00-444C-AE5C-364188723765}.Debug|Win32.ActiveCfg = Debug|Win32
		{B4C95695-5C00-444C-AE5C-364188723765}.Debug|Win32.Build.0 = Debug|Win32
		{B4C95695-5C00-444C-AE5C-364188723765}.Release|Win32.ActiveCfg = Release|Win32
		{B4C95695-5C00-444C-AE5C-364188723765}.Release|Win32.Build.0 = Release|Win32
	EndGlobalSection
	GlobalSection(SolutionProperties) = preSolution
		HideSolutionNode = FALSE
	EndGlobalSection
EndGlobal
