
Microsoft Visual Studio Solution File, Format Version 12.00
# Visual Studio 2012
Project("{8BC9CEB8-8B4A-11D0-8D11-00A0C91BC942}") = "3 COLOR SORTING", "3 COLOR SORTING\3 COLOR SORTING.vcxproj", "{693A58A5-A9BB-458C-A9AD-E743BC47CAF9}"
EndProject
Global
	GlobalSection(SolutionConfigurationPlatforms) = preSolution
		Debug|Win32 = Debug|Win32
		Release|Win32 = Release|Win32
	EndGlobalSection
	GlobalSection(ProjectConfigurationPlatforms) = postSolution
		{693A58A5-A9BB-458C-A9AD-E743BC47CAF9}.Debug|Win32.ActiveCfg = Debug|Win32
		{693A58A5-A9BB-458C-A9AD-E743BC47CAF9}.Debug|Win32.Build.0 = Debug|Win32
		{693A58A5-A9BB-458C-A9AD-E743BC47CAF9}.Release|Win32.ActiveCfg = Release|Win32
		{693A58A5-A9BB-458C-A9AD-E743BC47CAF9}.Release|Win32.Build.0 = Release|Win32
	EndGlobalSection
	GlobalSection(SolutionProperties) = preSolution
		HideSolutionNode = FALSE
	EndGlobalSection
EndGlobal
