
Microsoft Visual Studio Solution File, Format Version 12.00
# Visual Studio 2012
Project("{8BC9CEB8-8B4A-11D0-8D11-00A0C91BC942}") = "S5Q3", "S5Q3\S5Q3.vcxproj", "{9513868F-D9A0-47CD-8A1C-226ACE3B843C}"
EndProject
Global
	GlobalSection(SolutionConfigurationPlatforms) = preSolution
		Debug|Win32 = Debug|Win32
		Release|Win32 = Release|Win32
	EndGlobalSection
	GlobalSection(ProjectConfigurationPlatforms) = postSolution
		{9513868F-D9A0-47CD-8A1C-226ACE3B843C}.Debug|Win32.ActiveCfg = Debug|Win32
		{9513868F-D9A0-47CD-8A1C-226ACE3B843C}.Debug|Win32.Build.0 = Debug|Win32
		{9513868F-D9A0-47CD-8A1C-226ACE3B843C}.Release|Win32.ActiveCfg = Release|Win32
		{9513868F-D9A0-47CD-8A1C-226ACE3B843C}.Release|Win32.Build.0 = Release|Win32
	EndGlobalSection
	GlobalSection(SolutionProperties) = preSolution
		HideSolutionNode = FALSE
	EndGlobalSection
EndGlobal
