
Microsoft Visual Studio Solution File, Format Version 12.00
# Visual Studio 2012
Project("{8BC9CEB8-8B4A-11D0-8D11-00A0C91BC942}") = "S5Q10", "S5Q10\S5Q10.vcxproj", "{A741C2C7-FC0F-45B7-93A1-5F3DE206D6BB}"
EndProject
Global
	GlobalSection(SolutionConfigurationPlatforms) = preSolution
		Debug|Win32 = Debug|Win32
		Release|Win32 = Release|Win32
	EndGlobalSection
	GlobalSection(ProjectConfigurationPlatforms) = postSolution
		{A741C2C7-FC0F-45B7-93A1-5F3DE206D6BB}.Debug|Win32.ActiveCfg = Debug|Win32
		{A741C2C7-FC0F-45B7-93A1-5F3DE206D6BB}.Debug|Win32.Build.0 = Debug|Win32
		{A741C2C7-FC0F-45B7-93A1-5F3DE206D6BB}.Release|Win32.ActiveCfg = Release|Win32
		{A741C2C7-FC0F-45B7-93A1-5F3DE206D6BB}.Release|Win32.Build.0 = Release|Win32
	EndGlobalSection
	GlobalSection(SolutionProperties) = preSolution
		HideSolutionNode = FALSE
	EndGlobalSection
EndGlobal
